# This file is automatically @generated by Poetry 1.7.1 and should not be changed by hand.

[[package]]
name = "protobuf"
version = "3.19.0"
description = "Protocol Buffers"
optional = false
python-versions = ">=3.5"
files = [
    {file = "protobuf-3.19.0-cp310-cp310-macosx_10_9_universal2.whl", hash = "sha256:01a0645ef3acddfbc90237e1cdfae1086130fc7cb480b5874656193afd657083"},
    {file = "protobuf-3.19.0-cp310-cp310-manylinux2014_aarch64.whl", hash = "sha256:d3861c9721a90ba83ee0936a9cfcc4fa1c4b4144ac9658fb6f6343b38558e9b4"},
    {file = "protobuf-3.19.0-cp310-cp310-manylinux_2_17_x86_64.manylinux2014_x86_64.whl", hash = "sha256:b64be5d7270cf5e76375bac049846e8a9543a2d4368b69afe78ab725380a7487"},
    {file = "protobuf-3.19.0-cp36-cp36m-macosx_10_9_x86_64.whl", hash = "sha256:2f6046b9e2feee0dce994493186e8715b4392ed5f50f356280ad9c2f9f93080a"},
    {file = "protobuf-3.19.0-cp36-cp36m-manylinux_2_17_x86_64.manylinux2014_x86_64.whl", hash = "sha256:ac2f8ec942d414609aba0331952ae12bb823e8f424bbb6b8c422f1cef32dc842"},
    {file = "protobuf-3.19.0-cp36-cp36m-win32.whl", hash = "sha256:3fea09aa04ef2f8b01fcc9bb87f19509934f8a35d177c865b8f9ee5c32b60c1b"},
    {file = "protobuf-3.19.0-cp36-cp36m-win_amd64.whl", hash = "sha256:d1f4277d321f60456845ca9b882c4845736f1f5c1c69eb778eba22a97977d8af"},
    {file = "protobuf-3.19.0-cp37-cp37m-macosx_10_9_x86_64.whl", hash = "sha256:8488c2276f14f294e890cc1260ab342a13e90cd20dcc03319d2eea258f1fd321"},
    {file = "protobuf-3.19.0-cp37-cp37m-manylinux2014_aarch64.whl", hash = "sha256:36bf292f44966c67080e535321501717f4f1eba30faef8f2cd4b0c745a027211"},
    {file = "protobuf-3.19.0-cp37-cp37m-manylinux_2_17_x86_64.manylinux2014_x86_64.whl", hash = "sha256:c99af73ae34c93e0e2ace57ea2e70243f34fc015c8c23fd39ee93652e726f7e7"},
    {file = "protobuf-3.19.0-cp37-cp37m-win32.whl", hash = "sha256:f7a031cf8e2fc14acc0ba694f6dff0a01e06b70d817eba6edc72ee6cc20517ac"},
    {file = "protobuf-3.19.0-cp37-cp37m-win_amd64.whl", hash = "sha256:d4ca5f0c7bc8d2e6966ca3bbd85e9ebe7191b6e21f067896d4af6b28ecff29fe"},
    {file = "protobuf-3.19.0-cp38-cp38-macosx_10_9_x86_64.whl", hash = "sha256:9a8a880593015ef2c83f7af797fa4fbf583b2c98b4bd94e46c5b61fee319d84b"},
    {file = "protobuf-3.19.0-cp38-cp38-manylinux2014_aarch64.whl", hash = "sha256:6f16925f5c977dd7787973a50c242e60c22b1d1182aba6bec7bd02862579c10f"},
    {file = "protobuf-3.19.0-cp38-cp38-manylinux_2_17_x86_64.manylinux2014_x86_64.whl", hash = "sha256:f9097327d277b0aa4a3224e61cd6850aef3269172397715299bcffc9f90293c9"},
    {file = "protobuf-3.19.0-cp38-cp38-win32.whl", hash = "sha256:708d04394a63ee9bdc797938b6e15ed5bf24a1cb37743eb3886fd74a5a67a234"},
    {file = "protobuf-3.19.0-cp38-cp38-win_amd64.whl", hash = "sha256:ee4d07d596357f51316b6ecf1cc1927660e9d5e418385bb1c51fd2496cd9bee7"},
    {file = "protobuf-3.19.0-cp39-cp39-macosx_10_9_x86_64.whl", hash = "sha256:34a77b8fafdeb8f89fee2b7108ae60d8958d72e33478680cc1e05517892ecc46"},
    {file = "protobuf-3.19.0-cp39-cp39-manylinux2014_aarch64.whl", hash = "sha256:4f93e0f6af796ddd1502225ff8ea25340ced186ca05b601c44d5c88b45ba80a0"},
    {file = "protobuf-3.19.0-cp39-cp39-manylinux_2_17_x86_64.manylinux2014_x86_64.whl", hash = "sha256:942dd6bc8bd2a3c6a156d8ab0f80bd45313f22b78e1176283270054dcc8ca4c2"},
    {file = "protobuf-3.19.0-cp39-cp39-win32.whl", hash = "sha256:7b3867795708ac88fde8d6f34f0d9a50af56087e41f624bdb2e9ff808ea5dda7"},
    {file = "protobuf-3.19.0-cp39-cp39-win_amd64.whl", hash = "sha256:a74432e9d28a6072a2359a0f49f81eb14dd718e7dbbfb6c0789b456c49e1f130"},
    {file = "protobuf-3.19.0-py2.py3-none-any.whl", hash = "sha256:c96e94d3e523a82caa3e5f74b35dd1c4884199358d01c950d95c341255ff48bc"},
    {file = "protobuf-3.19.0.tar.gz", hash = "sha256:6a1dc6584d24ef86f5b104bcad64fa0fe06ed36e5687f426e0445d363a041d18"},
]

[metadata]
lock-version = "2.0"
python-versions = "^3.10"
content-hash = "14e9569baff777267a86eb6d870adabc9f0fe18736e72410e135e28403f15f07"
